{
  "name": "Meme-Generator-OMM",
  "lockfileVersion": 2,
  "requires": true,
  "packages": {
    "": {
      "dependencies": {
        "konva": "^8.3.14",
        "react-konva": "^18.2.3"
      }
    },
    "node_modules/@types/prop-types": {
      "version": "15.7.5",
      "resolved": "https://registry.npmjs.org/@types/prop-types/-/prop-types-15.7.5.tgz",
      "integrity": "sha512-JCB8C6SnDoQf0cNycqd/35A7MjcnK+ZTqE7judS6o7utxUCg6imJg3QK2qzHKszlTjcj2cn+NwMB2i96ubpj7w=="
    },
    "node_modules/@types/react": {
      "version": "18.0.26",
      "resolved": "https://registry.npmjs.org/@types/react/-/react-18.0.26.tgz",
      "integrity": "sha512-hCR3PJQsAIXyxhTNSiDFY//LhnMZWpNNr5etoCqx/iUfGc5gXWtQR2Phl908jVR6uPXacojQWTg4qRpkxTuGug==",
      "dependencies": {
        "@types/prop-types": "*",
        "@types/scheduler": "*",
        "csstype": "^3.0.2"
      }
    },
    "node_modules/@types/react-reconciler": {
      "version": "0.28.0",
      "resolved": "https://registry.npmjs.org/@types/react-reconciler/-/react-reconciler-0.28.0.tgz",
      "integrity": "sha512-5cjk9ottZAj7eaTsqzPUIlrVbh3hBAO2YaEL1rkjHKB3xNAId7oU8GhzvAX+gfmlfoxTwJnBjPxEHyxkEA1Ffg==",
      "dependencies": {
        "@types/react": "*"
      }
    },
    "node_modules/@types/scheduler": {
      "version": "0.16.2",
      "resolved": "https://registry.npmjs.org/@types/scheduler/-/scheduler-0.16.2.tgz",
      "integrity": "sha512-hppQEBDmlwhFAXKJX2KnWLYu5yMfi91yazPb2l+lbJiwW+wdo1gNeRA+3RgNSO39WYX2euey41KEwnqesU2Jew=="
    },
    "node_modules/csstype": {
      "version": "3.1.1",
      "resolved": "https://registry.npmjs.org/csstype/-/csstype-3.1.1.tgz",
      "integrity": "sha512-DJR/VvkAvSZW9bTouZue2sSxDwdTN92uHjqeKVm+0dAqdfNykRzQ95tay8aXMBAAPpUiq4Qcug2L7neoRh2Egw=="
    },
    "node_modules/its-fine": {
      "version": "1.0.8",
      "resolved": "https://registry.npmjs.org/its-fine/-/its-fine-1.0.8.tgz",
      "integrity": "sha512-MagTA9/J6kN3aEQsQu6by3nyrttCm0whCOYo4SfiNzOfYgcr1cb29mJ3zgluaJboaWOL/lHzJeMXi/QGSCfX1Q==",
      "dependencies": {
        "@types/react-reconciler": "^0.28.0"
      },
      "peerDependencies": {
        "react": ">=18.0"
      }
    },
    "node_modules/js-tokens": {
      "version": "4.0.0",
      "resolved": "https://registry.npmjs.org/js-tokens/-/js-tokens-4.0.0.tgz",
      "integrity": "sha512-RdJUflcE3cUzKiMqQgsCu06FPu9UdIJO0beYbPhHN4k6apgJtifcoCtT9bcxOpYBtpD2kCM6Sbzg4CausW/PKQ=="
    },
    "node_modules/konva": {
      "version": "8.3.14",
      "resolved": "https://registry.npmjs.org/konva/-/konva-8.3.14.tgz",
      "integrity": "sha512-6I/TZppgY3Frs//AvZ87YVQLFxLywitb8wLS3qMM+Ih9e4QcB5Yy8br6eq7DdUzxPdbsYTz1FQBHzNxs08M1Tw==",
      "funding": [
        {
          "type": "patreon",
          "url": "https://www.patreon.com/lavrton"
        },
        {
          "type": "opencollective",
          "url": "https://opencollective.com/konva"
        },
        {
          "type": "github",
          "url": "https://github.com/sponsors/lavrton"
        }
      ]
    },
    "node_modules/loose-envify": {
      "version": "1.4.0",
      "resolved": "https://registry.npmjs.org/loose-envify/-/loose-envify-1.4.0.tgz",
      "integrity": "sha512-lyuxPGr/Wfhrlem2CL/UcnUc1zcqKAImBDzukY7Y5F/yQiNdko6+fRLevlw1HgMySw7f611UIY408EtxRSoK3Q==",
      "dependencies": {
        "js-tokens": "^3.0.0 || ^4.0.0"
      },
      "bin": {
        "loose-envify": "cli.js"
      }
    },
    "node_modules/react": {
      "version": "18.2.0",
      "resolved": "https://registry.npmjs.org/react/-/react-18.2.0.tgz",
      "integrity": "sha512-/3IjMdb2L9QbBdWiW5e3P2/npwMBaU9mHCSCUzNln0ZCYbcfTsGbTJrU/kGemdH2IWmB2ioZ+zkxtmq6g09fGQ==",
      "peer": true,
      "dependencies": {
        "loose-envify": "^1.1.0"
      },
      "engines": {
        "node": ">=0.10.0"
      }
    },
    "node_modules/react-dom": {
      "version": "18.2.0",
      "resolved": "https://registry.npmjs.org/react-dom/-/react-dom-18.2.0.tgz",
      "integrity": "sha512-6IMTriUmvsjHUjNtEDudZfuDQUoWXVxKHhlEGSk81n4YFS+r/Kl99wXiwlVXtPBtJenozv2P+hxDsw9eA7Xo6g==",
      "peer": true,
      "dependencies": {
        "loose-envify": "^1.1.0",
        "scheduler": "^0.23.0"
      },
      "peerDependencies": {
        "react": "^18.2.0"
      }
    },
    "node_modules/react-konva": {
      "version": "18.2.3",
      "resolved": "https://registry.npmjs.org/react-konva/-/react-konva-18.2.3.tgz",
      "integrity": "sha512-OPxjBTgaEGU9pt/VJSVM7QNXYHEZ5CkulX+4fTTvbaH+Wh+vMLbXmH3yjWw4kT/5Qi6t0UQKHPPmirCv8/9sdg==",
      "funding": [
        {
          "type": "patreon",
          "url": "https://www.patreon.com/lavrton"
        },
        {
          "type": "opencollective",
          "url": "https://opencollective.com/konva"
        },
        {
          "type": "github",
          "url": "https://github.com/sponsors/lavrton"
        }
      ],
      "dependencies": {
        "its-fine": "^1.0.6",
        "react-reconciler": "~0.29.0",
        "scheduler": "^0.23.0"
      },
      "peerDependencies": {
        "konva": "^8.0.1 || ^7.2.5",
        "react": ">=18.0.0",
        "react-dom": ">=18.0.0"
      }
    },
    "node_modules/react-reconciler": {
      "version": "0.29.0",
      "resolved": "https://registry.npmjs.org/react-reconciler/-/react-reconciler-0.29.0.tgz",
      "integrity": "sha512-wa0fGj7Zht1EYMRhKWwoo1H9GApxYLBuhoAuXN0TlltESAjDssB+Apf0T/DngVqaMyPypDmabL37vw/2aRM98Q==",
      "dependencies": {
        "loose-envify": "^1.1.0",
        "scheduler": "^0.23.0"
      },
      "engines": {
        "node": ">=0.10.0"
      },
      "peerDependencies": {
        "react": "^18.2.0"
      }
    },
    "node_modules/scheduler": {
      "version": "0.23.0",
      "resolved": "https://registry.npmjs.org/scheduler/-/scheduler-0.23.0.tgz",
      "integrity": "sha512-CtuThmgHNg7zIZWAXi3AsyIzA3n4xx7aNyjwC2VJldO2LMVDhFK+63xGqq6CsJH4rTAt6/M+N4GhZiDYPx9eUw==",
      "dependencies": {
        "loose-envify": "^1.1.0"
      }
    }
  },
  "dependencies": {
    "@types/prop-types": {
      "version": "15.7.5",
      "resolved": "https://registry.npmjs.org/@types/prop-types/-/prop-types-15.7.5.tgz",
      "integrity": "sha512-JCB8C6SnDoQf0cNycqd/35A7MjcnK+ZTqE7judS6o7utxUCg6imJg3QK2qzHKszlTjcj2cn+NwMB2i96ubpj7w=="
    },
    "@types/react": {
      "version": "18.0.26",
      "resolved": "https://registry.npmjs.org/@types/react/-/react-18.0.26.tgz",
      "integrity": "sha512-hCR3PJQsAIXyxhTNSiDFY//LhnMZWpNNr5etoCqx/iUfGc5gXWtQR2Phl908jVR6uPXacojQWTg4qRpkxTuGug==",
      "requires": {
        "@types/prop-types": "*",
        "@types/scheduler": "*",
        "csstype": "^3.0.2"
      }
    },
    "@types/react-reconciler": {
      "version": "0.28.0",
      "resolved": "https://registry.npmjs.org/@types/react-reconciler/-/react-reconciler-0.28.0.tgz",
      "integrity": "sha512-5cjk9ottZAj7eaTsqzPUIlrVbh3hBAO2YaEL1rkjHKB3xNAId7oU8GhzvAX+gfmlfoxTwJnBjPxEHyxkEA1Ffg==",
      "requires": {
        "@types/react": "*"
      }
    },
    "@types/scheduler": {
      "version": "0.16.2",
      "resolved": "https://registry.npmjs.org/@types/scheduler/-/scheduler-0.16.2.tgz",
      "integrity": "sha512-hppQEBDmlwhFAXKJX2KnWLYu5yMfi91yazPb2l+lbJiwW+wdo1gNeRA+3RgNSO39WYX2euey41KEwnqesU2Jew=="
    },
    "csstype": {
      "version": "3.1.1",
      "resolved": "https://registry.npmjs.org/csstype/-/csstype-3.1.1.tgz",
      "integrity": "sha512-DJR/VvkAvSZW9bTouZue2sSxDwdTN92uHjqeKVm+0dAqdfNykRzQ95tay8aXMBAAPpUiq4Qcug2L7neoRh2Egw=="
    },
    "its-fine": {
      "version": "1.0.8",
      "resolved": "https://registry.npmjs.org/its-fine/-/its-fine-1.0.8.tgz",
      "integrity": "sha512-MagTA9/J6kN3aEQsQu6by3nyrttCm0whCOYo4SfiNzOfYgcr1cb29mJ3zgluaJboaWOL/lHzJeMXi/QGSCfX1Q==",
      "requires": {
        "@types/react-reconciler": "^0.28.0"
      }
    },
    "js-tokens": {
      "version": "4.0.0",
      "resolved": "https://registry.npmjs.org/js-tokens/-/js-tokens-4.0.0.tgz",
      "integrity": "sha512-RdJUflcE3cUzKiMqQgsCu06FPu9UdIJO0beYbPhHN4k6apgJtifcoCtT9bcxOpYBtpD2kCM6Sbzg4CausW/PKQ=="
    },
    "konva": {
      "version": "8.3.14",
      "resolved": "https://registry.npmjs.org/konva/-/konva-8.3.14.tgz",
      "integrity": "sha512-6I/TZppgY3Frs//AvZ87YVQLFxLywitb8wLS3qMM+Ih9e4QcB5Yy8br6eq7DdUzxPdbsYTz1FQBHzNxs08M1Tw=="
    },
    "loose-envify": {
      "version": "1.4.0",
      "resolved": "https://registry.npmjs.org/loose-envify/-/loose-envify-1.4.0.tgz",
      "integrity": "sha512-lyuxPGr/Wfhrlem2CL/UcnUc1zcqKAImBDzukY7Y5F/yQiNdko6+fRLevlw1HgMySw7f611UIY408EtxRSoK3Q==",
      "requires": {
        "js-tokens": "^3.0.0 || ^4.0.0"
      }
    },
    "react": {
      "version": "18.2.0",
      "resolved": "https://registry.npmjs.org/react/-/react-18.2.0.tgz",
      "integrity": "sha512-/3IjMdb2L9QbBdWiW5e3P2/npwMBaU9mHCSCUzNln0ZCYbcfTsGbTJrU/kGemdH2IWmB2ioZ+zkxtmq6g09fGQ==",
      "peer": true,
      "requires": {
        "loose-envify": "^1.1.0"
      }
    },
    "react-dom": {
      "version": "18.2.0",
      "resolved": "https://registry.npmjs.org/react-dom/-/react-dom-18.2.0.tgz",
      "integrity": "sha512-6IMTriUmvsjHUjNtEDudZfuDQUoWXVxKHhlEGSk81n4YFS+r/Kl99wXiwlVXtPBtJenozv2P+hxDsw9eA7Xo6g==",
      "peer": true,
      "requires": {
        "loose-envify": "^1.1.0",
        "scheduler": "^0.23.0"
      }
    },
    "react-konva": {
      "version": "18.2.3",
      "resolved": "https://registry.npmjs.org/react-konva/-/react-konva-18.2.3.tgz",
      "integrity": "sha512-OPxjBTgaEGU9pt/VJSVM7QNXYHEZ5CkulX+4fTTvbaH+Wh+vMLbXmH3yjWw4kT/5Qi6t0UQKHPPmirCv8/9sdg==",
      "requires": {
        "its-fine": "^1.0.6",
        "react-reconciler": "~0.29.0",
        "scheduler": "^0.23.0"
      }
    },
    "react-reconciler": {
      "version": "0.29.0",
      "resolved": "https://registry.npmjs.org/react-reconciler/-/react-reconciler-0.29.0.tgz",
      "integrity": "sha512-wa0fGj7Zht1EYMRhKWwoo1H9GApxYLBuhoAuXN0TlltESAjDssB+Apf0T/DngVqaMyPypDmabL37vw/2aRM98Q==",
      "requires": {
        "loose-envify": "^1.1.0",
        "scheduler": "^0.23.0"
      }
    },
    "scheduler": {
      "version": "0.23.0",
      "resolved": "https://registry.npmjs.org/scheduler/-/scheduler-0.23.0.tgz",
      "integrity": "sha512-CtuThmgHNg7zIZWAXi3AsyIzA3n4xx7aNyjwC2VJldO2LMVDhFK+63xGqq6CsJH4rTAt6/M+N4GhZiDYPx9eUw==",
      "requires": {
        "loose-envify": "^1.1.0"
      }
    }
  }
}
